
Microsoft Visual Studio Solution File, Format Version 12.00
Project("{FAE04EC0-301F-11D3-BF4B-00C04F79EFBC}") = "LeetCode389", "LeetCode389\LeetCode389.csproj", "{691F1D9F-C6B9-4E0D-AFA5-53957A1FDD34}"
EndProject
Global
	GlobalSection(SolutionConfigurationPlatforms) = preSolution
		Debug|Any CPU = Debug|Any CPU
		Release|Any CPU = Release|Any CPU
	EndGlobalSection
	GlobalSection(ProjectConfigurationPlatforms) = postSolution
		{691F1D9F-C6B9-4E0D-AFA5-53957A1FDD34}.Debug|Any CPU.ActiveCfg = Debug|Any CPU
		{691F1D9F-C6B9-4E0D-AFA5-53957A1FDD34}.Debug|Any CPU.Build.0 = Debug|Any CPU
		{691F1D9F-C6B9-4E0D-AFA5-53957A1FDD34}.Release|Any CPU.ActiveCfg = Release|Any CPU
		{691F1D9F-C6B9-4E0D-AFA5-53957A1FDD34}.Release|Any CPU.Build.0 = Release|Any CPU
	EndGlobalSection
EndGlobal
