
Microsoft Visual Studio Solution File, Format Version 12.00
Project("{FAE04EC0-301F-11D3-BF4B-00C04F79EFBC}") = "leetcode_2", "leetcode_2\leetcode_2.csproj", "{823CE0D6-F893-4ABA-B2A1-10A5117CE6CC}"
EndProject
Global
	GlobalSection(SolutionConfigurationPlatforms) = preSolution
		Debug|Any CPU = Debug|Any CPU
		Release|Any CPU = Release|Any CPU
	EndGlobalSection
	GlobalSection(ProjectConfigurationPlatforms) = postSolution
		{823CE0D6-F893-4ABA-B2A1-10A5117CE6CC}.Debug|Any CPU.ActiveCfg = Debug|Any CPU
		{823CE0D6-F893-4ABA-B2A1-10A5117CE6CC}.Debug|Any CPU.Build.0 = Debug|Any CPU
		{823CE0D6-F893-4ABA-B2A1-10A5117CE6CC}.Release|Any CPU.ActiveCfg = Release|Any CPU
		{823CE0D6-F893-4ABA-B2A1-10A5117CE6CC}.Release|Any CPU.Build.0 = Release|Any CPU
	EndGlobalSection
EndGlobal
